
Microsoft Visual Studio Solution File, Format Version 12.00
# Visual Studio Version 17
VisualStudioVersion = 17.14.37516.0 d17.14
MinimumVisualStudioVersion = 10.0.40219.1
Project("{FAE04EC0-301F-11D3-BF4B-00C04F79EFBC}") = "WindowsFormsApp3-2022vs", "WindowsFormsApp3-2022vs\WindowsFormsApp3-2022vs.csproj", "{59208B34-CDEF-43B3-A066-8EEEF764F58E}"
EndProject
Global
	GlobalSection(SolutionConfigurationPlatforms) = preSolution
		Debug|Any CPU = Debug|Any CPU
		Release|Any CPU = Release|Any CPU
	EndGlobalSection
	GlobalSection(ProjectConfigurationPlatforms) = postSolution
		{59208B34-CDEF-43B3-A066-8EEEF764F58E}.Debug|Any CPU.ActiveCfg = Debug|Any CPU
		{59208B34-CDEF-43B3-A066-8EEEF764F58E}.Debug|Any CPU.Build.0 = Debug|Any CPU
		{59208B34-CDEF-43B3-A066-8EEEF764F58E}.Release|Any CPU.ActiveCfg = Release|Any CPU
		{59208B34-CDEF-43B3-A066-8EEEF764F58E}.Release|Any CPU.Build.0 = Release|Any CPU
	EndGlobalSection
	GlobalSection(SolutionProperties) = preSolution
		HideSolutionNode = FALSE
	EndGlobalSection
	GlobalSection(ExtensibilityGlobals) = postSolution
		SolutionGuid = {254DDE80-0239-47A6-9DE6-AC244DD53630}
	EndGlobalSection
EndGlobal
